
Microsoft Visual Studio Solution File, Format Version 12.00
# Visual Studio 15
Project("{FAE04EC0-301F-11D3-BF4B-00C04F79EFBC}") = "Unity.Timeline", "Unity.Timeline.csproj", "{7BF7E07A-E34E-A7D1-EE60-1DE2A8C5664D}"
EndProject
Project("{FAE04EC0-301F-11D3-BF4B-00C04F79EFBC}") = "Unity.Timeline.Editor", "Unity.Timeline.Editor.csproj", "{EC6DA9A3-6464-1FD5-2002-F577EC6C73CF}"
EndProject
Project("{FAE04EC0-301F-11D3-BF4B-00C04F79EFBC}") = "Unity.TextMeshPro.Editor", "Unity.TextMeshPro.Editor.csproj", "{042D61F9-5967-B2B5-4106-E48EBBDD17A3}"
EndProject
Project("{FAE04EC0-301F-11D3-BF4B-00C04F79EFBC}") = "Unity.InputSystem", "Unity.InputSystem.csproj", "{463AF9CC-7919-7053-DE4B-C9293094A763}"
EndProject
Project("{FAE04EC0-301F-11D3-BF4B-00C04F79EFBC}") = "Unity.VisualScripting.Flow", "Unity.VisualScripting.Flow.csproj", "{87957D43-F6F3-A0FE-E98C-3B9208F32675}"
EndProject
Project("{FAE04EC0-301F-11D3-BF4B-00C04F79EFBC}") = "Unity.PlasticSCM.Editor", "Unity.PlasticSCM.Editor.csproj", "{8E08BF09-80A8-0F39-3375-121C60CE5107}"
EndProject
Project("{FAE04EC0-301F-11D3-BF4B-00C04F79EFBC}") = "Unity.VisualScripting.Core", "Unity.VisualScripting.Core.csproj", "{1B812FEC-A006-F8F8-BA2A-AD9E7F1106D4}"
EndProject
Project("{FAE04EC0-301F-11D3-BF4B-00C04F79EFBC}") = "Unity.VisualScripting.Core.Editor", "Unity.VisualScripting.Core.Editor.csproj", "{3CCD76EF-3481-6F31-EF1D-154CCEEA6978}"
EndProject
Project("{FAE04EC0-301F-11D3-BF4B-00C04F79EFBC}") = "Unity.VisualScripting.Flow.Editor", "Unity.VisualScripting.Flow.Editor.csproj", "{E527124B-C5BD-5A49-5B5A-2AB9CB4370F6}"
EndProject
Project("{FAE04EC0-301F-11D3-BF4B-00C04F79EFBC}") = "UnityEditor.TestRunner", "UnityEditor.TestRunner.csproj", "{079204D1-F9B6-A393-7690-EFB2094524B4}"
EndProject
Project("{FAE04EC0-301F-11D3-BF4B-00C04F79EFBC}") = "Unity.VisualScripting.SettingsProvider.Editor", "Unity.VisualScripting.SettingsProvider.Editor.csproj", "{127BEB1D-A282-7436-6B11-9C2437ED2094}"
EndProject
Project("{FAE04EC0-301F-11D3-BF4B-00C04F79EFBC}") = "UnityEngine.TestRunner", "UnityEngine.TestRunner.csproj", "{5C651D34-4B17-7F7B-6610-765CD167E835}"
EndProject
Project("{FAE04EC0-301F-11D3-BF4B-00C04F79EFBC}") = "Unity.AI.Navigation.Editor", "Unity.AI.Navigation.Editor.csproj", "{6897D4EA-E965-169B-20DA-FDE169534C9C}"
EndProject
Project("{FAE04EC0-301F-11D3-BF4B-00C04F79EFBC}") = "Unity.VisualStudio.Editor", "Unity.VisualStudio.Editor.csproj", "{9E2B6AEB-4AC5-4546-DD6F-B893883E7808}"
EndProject
Project("{FAE04EC0-301F-11D3-BF4B-00C04F79EFBC}") = "Unity.TestTools.CodeCoverage.Editor.OpenCover.Model", "Unity.TestTools.CodeCoverage.Editor.OpenCover.Model.csproj", "{613AF1FE-4D09-6520-A547-4EE03866E3DA}"
EndProject
Project("{FAE04EC0-301F-11D3-BF4B-00C04F79EFBC}") = "Unity.Rider.Editor", "Unity.Rider.Editor.csproj", "{4F56BB3A-8ED6-C60F-80CE-CF225B9595DA}"
EndProject
Project("{FAE04EC0-301F-11D3-BF4B-00C04F79EFBC}") = "Unity.AI.Navigation", "Unity.AI.Navigation.csproj", "{C18C20AD-453E-4400-DE08-FF9685B88AAE}"
EndProject
Project("{FAE04EC0-301F-11D3-BF4B-00C04F79EFBC}") = "Assembly-CSharp", "Assembly-CSharp.csproj", "{520A363F-370B-3A9B-B471-032BC54D316C}"
EndProject
Project("{FAE04EC0-301F-11D3-BF4B-00C04F79EFBC}") = "Unity.AI.Navigation.Editor.ConversionSystem", "Unity.AI.Navigation.Editor.ConversionSystem.csproj", "{A242E900-08E9-0886-7D2A-943CB59BE493}"
EndProject
Project("{FAE04EC0-301F-11D3-BF4B-00C04F79EFBC}") = "Unity.VisualScripting.State.Editor", "Unity.VisualScripting.State.Editor.csproj", "{D54C2154-3EFB-8C97-360C-BFCEADFAA65A}"
EndProject
Project("{FAE04EC0-301F-11D3-BF4B-00C04F79EFBC}") = "Unity.TestTools.CodeCoverage.Editor", "Unity.TestTools.CodeCoverage.Editor.csproj", "{19E0A75A-8BCC-1E69-FED7-B3473E18EA0D}"
EndProject
Project("{FAE04EC0-301F-11D3-BF4B-00C04F79EFBC}") = "Unity.VisualScripting.State", "Unity.VisualScripting.State.csproj", "{25067A08-C9B4-A1E3-3F51-A31ED67FF65C}"
EndProject
Project("{FAE04EC0-301F-11D3-BF4B-00C04F79EFBC}") = "Unity.TextMeshPro", "Unity.TextMeshPro.csproj", "{2BAD406C-A33E-89B3-0D2E-21A47268F334}"
EndProject
Project("{FAE04EC0-301F-11D3-BF4B-00C04F79EFBC}") = "Unity.Performance.Profile-Analyzer.Editor", "Unity.Performance.Profile-Analyzer.Editor.csproj", "{A9C554FE-1441-DC0E-C17B-9C738A268A2C}"
EndProject
Project("{FAE04EC0-301F-11D3-BF4B-00C04F79EFBC}") = "Unity.InputSystem.TestFramework", "Unity.InputSystem.TestFramework.csproj", "{7D5A6F9B-9161-D441-781E-496235C69C28}"
EndProject
Project("{FAE04EC0-301F-11D3-BF4B-00C04F79EFBC}") = "Unity.VSCode.Editor", "Unity.VSCode.Editor.csproj", "{43590081-BA20-5989-009F-2E6271BCE873}"
EndProject
Project("{FAE04EC0-301F-11D3-BF4B-00C04F79EFBC}") = "Unity.TestTools.CodeCoverage.Editor.OpenCover.Mono.Reflection", "Unity.TestTools.CodeCoverage.Editor.OpenCover.Mono.Reflection.csproj", "{842CA443-9999-ADB3-BD6E-F595B7BB436D}"
EndProject
Project("{FAE04EC0-301F-11D3-BF4B-00C04F79EFBC}") = "Unity.AI.Navigation.Updater", "Unity.AI.Navigation.Updater.csproj", "{260705D2-D0B7-1402-FBD2-7B013EF61D1C}"
EndProject
Project("{FAE04EC0-301F-11D3-BF4B-00C04F79EFBC}") = "Unity.Settings.Editor", "Unity.Settings.Editor.csproj", "{D1F2BE67-43DD-6AB5-CA13-2E595854BEB0}"
EndProject
Project("{FAE04EC0-301F-11D3-BF4B-00C04F79EFBC}") = "PlayerController", "PlayerController.csproj", "{53157E2C-148A-F62F-A653-C4657F3CD09A}"
EndProject
Project("{FAE04EC0-301F-11D3-BF4B-00C04F79EFBC}") = "Unity.InputSystem.ForUI", "Unity.InputSystem.ForUI.csproj", "{A251ABFD-222E-3CEA-117F-C5F1A82A9182}"
EndProject
Project("{FAE04EC0-301F-11D3-BF4B-00C04F79EFBC}") = "Unity.EditorCoroutines.Editor", "Unity.EditorCoroutines.Editor.csproj", "{2D9918B9-0CAD-E675-CA82-3347E1B3D642}"
EndProject
Project("{FAE04EC0-301F-11D3-BF4B-00C04F79EFBC}") = "Unity.VisualScripting.Shared.Editor", "Unity.VisualScripting.Shared.Editor.csproj", "{49DAF0A4-E6C6-5CDC-D85B-40C9A7AF4B04}"
EndProject
Project("{FAE04EC0-301F-11D3-BF4B-00C04F79EFBC}") = "Unity.CollabProxy.Editor", "Unity.CollabProxy.Editor.csproj", "{98183570-C42B-8FE1-341E-1D024EC068E0}"
EndProject
Global
	GlobalSection(SolutionConfigurationPlatforms) = preSolution
		Debug|Any CPU = Debug|Any CPU
		Release|Any CPU = Release|Any CPU
	EndGlobalSection
	GlobalSection(ProjectConfigurationPlatforms) = postSolution
		{7BF7E07A-E34E-A7D1-EE60-1DE2A8C5664D}.Debug|Any CPU.ActiveCfg = Debug|Any CPU
		{7BF7E07A-E34E-A7D1-EE60-1DE2A8C5664D}.Debug|Any CPU.Build.0 = Debug|Any CPU
		{7BF7E07A-E34E-A7D1-EE60-1DE2A8C5664D}.Release|Any CPU.ActiveCfg = Release|Any CPU
		{7BF7E07A-E34E-A7D1-EE60-1DE2A8C5664D}.Release|Any CPU.Build.0 = Release|Any CPU
		{EC6DA9A3-6464-1FD5-2002-F577EC6C73CF}.Debug|Any CPU.ActiveCfg = Debug|Any CPU
		{EC6DA9A3-6464-1FD5-2002-F577EC6C73CF}.Debug|Any CPU.Build.0 = Debug|Any CPU
		{EC6DA9A3-6464-1FD5-2002-F577EC6C73CF}.Release|Any CPU.ActiveCfg = Release|Any CPU
		{EC6DA9A3-6464-1FD5-2002-F577EC6C73CF}.Release|Any CPU.Build.0 = Release|Any CPU
		{042D61F9-5967-B2B5-4106-E48EBBDD17A3}.Debug|Any CPU.ActiveCfg = Debug|Any CPU
		{042D61F9-5967-B2B5-4106-E48EBBDD17A3}.Debug|Any CPU.Build.0 = Debug|Any CPU
		{042D61F9-5967-B2B5-4106-E48EBBDD17A3}.Release|Any CPU.ActiveCfg = Release|Any CPU
		{042D61F9-5967-B2B5-4106-E48EBBDD17A3}.Release|Any CPU.Build.0 = Release|Any CPU
		{463AF9CC-7919-7053-DE4B-C9293094A763}.Debug|Any CPU.ActiveCfg = Debug|Any CPU
		{463AF9CC-7919-7053-DE4B-C9293094A763}.Debug|Any CPU.Build.0 = Debug|Any CPU
		{463AF9CC-7919-7053-DE4B-C9293094A763}.Release|Any CPU.ActiveCfg = Release|Any CPU
		{463AF9CC-7919-7053-DE4B-C9293094A763}.Release|Any CPU.Build.0 = Release|Any CPU
		{87957D43-F6F3-A0FE-E98C-3B9208F32675}.Debug|Any CPU.ActiveCfg = Debug|Any CPU
		{87957D43-F6F3-A0FE-E98C-3B9208F32675}.Debug|Any CPU.Build.0 = Debug|Any CPU
		{87957D43-F6F3-A0FE-E98C-3B9208F32675}.Release|Any CPU.ActiveCfg = Release|Any CPU
		{87957D43-F6F3-A0FE-E98C-3B9208F32675}.Release|Any CPU.Build.0 = Release|Any CPU
		{8E08BF09-80A8-0F39-3375-121C60CE5107}.Debug|Any CPU.ActiveCfg = Debug|Any CPU
		{8E08BF09-80A8-0F39-3375-121C60CE5107}.Debug|Any CPU.Build.0 = Debug|Any CPU
		{8E08BF09-80A8-0F39-3375-121C60CE5107}.Release|Any CPU.ActiveCfg = Release|Any CPU
		{8E08BF09-80A8-0F39-3375-121C60CE5107}.Release|Any CPU.Build.0 = Release|Any CPU
		{1B812FEC-A006-F8F8-BA2A-AD9E7F1106D4}.Debug|Any CPU.ActiveCfg = Debug|Any CPU
		{1B812FEC-A006-F8F8-BA2A-AD9E7F1106D4}.Debug|Any CPU.Build.0 = Debug|Any CPU
		{1B812FEC-A006-F8F8-BA2A-AD9E7F1106D4}.Release|Any CPU.ActiveCfg = Release|Any CPU
		{1B812FEC-A006-F8F8-BA2A-AD9E7F1106D4}.Release|Any CPU.Build.0 = Release|Any CPU
		{3CCD76EF-3481-6F31-EF1D-154CCEEA6978}.Debug|Any CPU.ActiveCfg = Debug|Any CPU
		{3CCD76EF-3481-6F31-EF1D-154CCEEA6978}.Debug|Any CPU.Build.0 = Debug|Any CPU
		{3CCD76EF-3481-6F31-EF1D-154CCEEA6978}.Release|Any CPU.ActiveCfg = Release|Any CPU
		{3CCD76EF-3481-6F31-EF1D-154CCEEA6978}.Release|Any CPU.Build.0 = Release|Any CPU
		{E527124B-C5BD-5A49-5B5A-2AB9CB4370F6}.Debug|Any CPU.ActiveCfg = Debug|Any CPU
		{E527124B-C5BD-5A49-5B5A-2AB9CB4370F6}.Debug|Any CPU.Build.0 = Debug|Any CPU
		{E527124B-C5BD-5A49-5B5A-2AB9CB4370F6}.Release|Any CPU.ActiveCfg = Release|Any CPU
		{E527124B-C5BD-5A49-5B5A-2AB9CB4370F6}.Release|Any CPU.Build.0 = Release|Any CPU
		{079204D1-F9B6-A393-7690-EFB2094524B4}.Debug|Any CPU.ActiveCfg = Debug|Any CPU
		{079204D1-F9B6-A393-7690-EFB2094524B4}.Debug|Any CPU.Build.0 = Debug|Any CPU
		{079204D1-F9B6-A393-7690-EFB2094524B4}.Release|Any CPU.ActiveCfg = Release|Any CPU
		{079204D1-F9B6-A393-7690-EFB2094524B4}.Release|Any CPU.Build.0 = Release|Any CPU
		{127BEB1D-A282-7436-6B11-9C2437ED2094}.Debug|Any CPU.ActiveCfg = Debug|Any CPU
		{127BEB1D-A282-7436-6B11-9C2437ED2094}.Debug|Any CPU.Build.0 = Debug|Any CPU
		{127BEB1D-A282-7436-6B11-9C2437ED2094}.Release|Any CPU.ActiveCfg = Release|Any CPU
		{127BEB1D-A282-7436-6B11-9C2437ED2094}.Release|Any CPU.Build.0 = Release|Any CPU
		{5C651D34-4B17-7F7B-6610-765CD167E835}.Debug|Any CPU.ActiveCfg = Debug|Any CPU
		{5C651D34-4B17-7F7B-6610-765CD167E835}.Debug|Any CPU.Build.0 = Debug|Any CPU
		{5C651D34-4B17-7F7B-6610-765CD167E835}.Release|Any CPU.ActiveCfg = Release|Any CPU
		{5C651D34-4B17-7F7B-6610-765CD167E835}.Release|Any CPU.Build.0 = Release|Any CPU
		{6897D4EA-E965-169B-20DA-FDE169534C9C}.Debug|Any CPU.ActiveCfg = Debug|Any CPU
		{6897D4EA-E965-169B-20DA-FDE169534C9C}.Debug|Any CPU.Build.0 = Debug|Any CPU
		{6897D4EA-E965-169B-20DA-FDE169534C9C}.Release|Any CPU.ActiveCfg = Release|Any CPU
		{6897D4EA-E965-169B-20DA-FDE169534C9C}.Release|Any CPU.Build.0 = Release|Any CPU
		{9E2B6AEB-4AC5-4546-DD6F-B893883E7808}.Debug|Any CPU.ActiveCfg = Debug|Any CPU
		{9E2B6AEB-4AC5-4546-DD6F-B893883E7808}.Debug|Any CPU.Build.0 = Debug|Any CPU
		{9E2B6AEB-4AC5-4546-DD6F-B893883E7808}.Release|Any CPU.ActiveCfg = Release|Any CPU
		{9E2B6AEB-4AC5-4546-DD6F-B893883E7808}.Release|Any CPU.Build.0 = Release|Any CPU
		{613AF1FE-4D09-6520-A547-4EE03866E3DA}.Debug|Any CPU.ActiveCfg = Debug|Any CPU
		{613AF1FE-4D09-6520-A547-4EE03866E3DA}.Debug|Any CPU.Build.0 = Debug|Any CPU
		{613AF1FE-4D09-6520-A547-4EE03866E3DA}.Release|Any CPU.ActiveCfg = Release|Any CPU
		{613AF1FE-4D09-6520-A547-4EE03866E3DA}.Release|Any CPU.Build.0 = Release|Any CPU
		{4F56BB3A-8ED6-C60F-80CE-CF225B9595DA}.Debug|Any CPU.ActiveCfg = Debug|Any CPU
		{4F56BB3A-8ED6-C60F-80CE-CF225B9595DA}.Debug|Any CPU.Build.0 = Debug|Any CPU
		{4F56BB3A-8ED6-C60F-80CE-CF225B9595DA}.Release|Any CPU.ActiveCfg = Release|Any CPU
		{4F56BB3A-8ED6-C60F-80CE-CF225B9595DA}.Release|Any CPU.Build.0 = Release|Any CPU
		{C18C20AD-453E-4400-DE08-FF9685B88AAE}.Debug|Any CPU.ActiveCfg = Debug|Any CPU
		{C18C20AD-453E-4400-DE08-FF9685B88AAE}.Debug|Any CPU.Build.0 = Debug|Any CPU
		{C18C20AD-453E-4400-DE08-FF9685B88AAE}.Release|Any CPU.ActiveCfg = Release|Any CPU
		{C18C20AD-453E-4400-DE08-FF9685B88AAE}.Release|Any CPU.Build.0 = Release|Any CPU
		{520A363F-370B-3A9B-B471-032BC54D316C}.Debug|Any CPU.ActiveCfg = Debug|Any CPU
		{520A363F-370B-3A9B-B471-032BC54D316C}.Debug|Any CPU.Build.0 = Debug|Any CPU
		{520A363F-370B-3A9B-B471-032BC54D316C}.Release|Any CPU.ActiveCfg = Release|Any CPU
		{520A363F-370B-3A9B-B471-032BC54D316C}.Release|Any CPU.Build.0 = Release|Any CPU
		{A242E900-08E9-0886-7D2A-943CB59BE493}.Debug|Any CPU.ActiveCfg = Debug|Any CPU
		{A242E900-08E9-0886-7D2A-943CB59BE493}.Debug|Any CPU.Build.0 = Debug|Any CPU
		{A242E900-08E9-0886-7D2A-943CB59BE493}.Release|Any CPU.ActiveCfg = Release|Any CPU
		{A242E900-08E9-0886-7D2A-943CB59BE493}.Release|Any CPU.Build.0 = Release|Any CPU
		{D54C2154-3EFB-8C97-360C-BFCEADFAA65A}.Debug|Any CPU.ActiveCfg = Debug|Any CPU
		{D54C2154-3EFB-8C97-360C-BFCEADFAA65A}.Debug|Any CPU.Build.0 = Debug|Any CPU
		{D54C2154-3EFB-8C97-360C-BFCEADFAA65A}.Release|Any CPU.ActiveCfg = Release|Any CPU
		{D54C2154-3EFB-8C97-360C-BFCEADFAA65A}.Release|Any CPU.Build.0 = Release|Any CPU
		{19E0A75A-8BCC-1E69-FED7-B3473E18EA0D}.Debug|Any CPU.ActiveCfg = Debug|Any CPU
		{19E0A75A-8BCC-1E69-FED7-B3473E18EA0D}.Debug|Any CPU.Build.0 = Debug|Any CPU
		{19E0A75A-8BCC-1E69-FED7-B3473E18EA0D}.Release|Any CPU.ActiveCfg = Release|Any CPU
		{19E0A75A-8BCC-1E69-FED7-B3473E18EA0D}.Release|Any CPU.Build.0 = Release|Any CPU
		{25067A08-C9B4-A1E3-3F51-A31ED67FF65C}.Debug|Any CPU.ActiveCfg = Debug|Any CPU
		{25067A08-C9B4-A1E3-3F51-A31ED67FF65C}.Debug|Any CPU.Build.0 = Debug|Any CPU
		{25067A08-C9B4-A1E3-3F51-A31ED67FF65C}.Release|Any CPU.ActiveCfg = Release|Any CPU
		{25067A08-C9B4-A1E3-3F51-A31ED67FF65C}.Release|Any CPU.Build.0 = Release|Any CPU
		{2BAD406C-A33E-89B3-0D2E-21A47268F334}.Debug|Any CPU.ActiveCfg = Debug|Any CPU
		{2BAD406C-A33E-89B3-0D2E-21A47268F334}.Debug|Any CPU.Build.0 = Debug|Any CPU
		{2BAD406C-A33E-89B3-0D2E-21A47268F334}.Release|Any CPU.ActiveCfg = Release|Any CPU
		{2BAD406C-A33E-89B3-0D2E-21A47268F334}.Release|Any CPU.Build.0 = Release|Any CPU
		{A9C554FE-1441-DC0E-C17B-9C738A268A2C}.Debug|Any CPU.ActiveCfg = Debug|Any CPU
		{A9C554FE-1441-DC0E-C17B-9C738A268A2C}.Debug|Any CPU.Build.0 = Debug|Any CPU
		{A9C554FE-1441-DC0E-C17B-9C738A268A2C}.Release|Any CPU.ActiveCfg = Release|Any CPU
		{A9C554FE-1441-DC0E-C17B-9C738A268A2C}.Release|Any CPU.Build.0 = Release|Any CPU
		{7D5A6F9B-9161-D441-781E-496235C69C28}.Debug|Any CPU.ActiveCfg = Debug|Any CPU
		{7D5A6F9B-9161-D441-781E-496235C69C28}.Debug|Any CPU.Build.0 = Debug|Any CPU
		{7D5A6F9B-9161-D441-781E-496235C69C28}.Release|Any CPU.ActiveCfg = Release|Any CPU
		{7D5A6F9B-9161-D441-781E-496235C69C28}.Release|Any CPU.Build.0 = Release|Any CPU
		{43590081-BA20-5989-009F-2E6271BCE873}.Debug|Any CPU.ActiveCfg = Debug|Any CPU
		{43590081-BA20-5989-009F-2E6271BCE873}.Debug|Any CPU.Build.0 = Debug|Any CPU
		{43590081-BA20-5989-009F-2E6271BCE873}.Release|Any CPU.ActiveCfg = Release|Any CPU
		{43590081-BA20-5989-009F-2E6271BCE873}.Release|Any CPU.Build.0 = Release|Any CPU
		{842CA443-9999-ADB3-BD6E-F595B7BB436D}.Debug|Any CPU.ActiveCfg = Debug|Any CPU
		{842CA443-9999-ADB3-BD6E-F595B7BB436D}.Debug|Any CPU.Build.0 = Debug|Any CPU
		{842CA443-9999-ADB3-BD6E-F595B7BB436D}.Release|Any CPU.ActiveCfg = Release|Any CPU
		{842CA443-9999-ADB3-BD6E-F595B7BB436D}.Release|Any CPU.Build.0 = Release|Any CPU
		{260705D2-D0B7-1402-FBD2-7B013EF61D1C}.Debug|Any CPU.ActiveCfg = Debug|Any CPU
		{260705D2-D0B7-1402-FBD2-7B013EF61D1C}.Debug|Any CPU.Build.0 = Debug|Any CPU
		{260705D2-D0B7-1402-FBD2-7B013EF61D1C}.Release|Any CPU.ActiveCfg = Release|Any CPU
		{260705D2-D0B7-1402-FBD2-7B013EF61D1C}.Release|Any CPU.Build.0 = Release|Any CPU
		{D1F2BE67-43DD-6AB5-CA13-2E595854BEB0}.Debug|Any CPU.ActiveCfg = Debug|Any CPU
		{D1F2BE67-43DD-6AB5-CA13-2E595854BEB0}.Debug|Any CPU.Build.0 = Debug|Any CPU
		{D1F2BE67-43DD-6AB5-CA13-2E595854BEB0}.Release|Any CPU.ActiveCfg = Release|Any CPU
		{D1F2BE67-43DD-6AB5-CA13-2E595854BEB0}.Release|Any CPU.Build.0 = Release|Any CPU
		{53157E2C-148A-F62F-A653-C4657F3CD09A}.Debug|Any CPU.ActiveCfg = Debug|Any CPU
		{53157E2C-148A-F62F-A653-C4657F3CD09A}.Debug|Any CPU.Build.0 = Debug|Any CPU
		{53157E2C-148A-F62F-A653-C4657F3CD09A}.Release|Any CPU.ActiveCfg = Release|Any CPU
		{53157E2C-148A-F62F-A653-C4657F3CD09A}.Release|Any CPU.Build.0 = Release|Any CPU
		{A251ABFD-222E-3CEA-117F-C5F1A82A9182}.Debug|Any CPU.ActiveCfg = Debug|Any CPU
		{A251ABFD-222E-3CEA-117F-C5F1A82A9182}.Debug|Any CPU.Build.0 = Debug|Any CPU
		{A251ABFD-222E-3CEA-117F-C5F1A82A9182}.Release|Any CPU.ActiveCfg = Release|Any CPU
		{A251ABFD-222E-3CEA-117F-C5F1A82A9182}.Release|Any CPU.Build.0 = Release|Any CPU
		{2D9918B9-0CAD-E675-CA82-3347E1B3D642}.Debug|Any CPU.ActiveCfg = Debug|Any CPU
		{2D9918B9-0CAD-E675-CA82-3347E1B3D642}.Debug|Any CPU.Build.0 = Debug|Any CPU
		{2D9918B9-0CAD-E675-CA82-3347E1B3D642}.Release|Any CPU.ActiveCfg = Release|Any CPU
		{2D9918B9-0CAD-E675-CA82-3347E1B3D642}.Release|Any CPU.Build.0 = Release|Any CPU
		{49DAF0A4-E6C6-5CDC-D85B-40C9A7AF4B04}.Debug|Any CPU.ActiveCfg = Debug|Any CPU
		{49DAF0A4-E6C6-5CDC-D85B-40C9A7AF4B04}.Debug|Any CPU.Build.0 = Debug|Any CPU
		{49DAF0A4-E6C6-5CDC-D85B-40C9A7AF4B04}.Release|Any CPU.ActiveCfg = Release|Any CPU
		{49DAF0A4-E6C6-5CDC-D85B-40C9A7AF4B04}.Release|Any CPU.Build.0 = Release|Any CPU
		{98183570-C42B-8FE1-341E-1D024EC068E0}.Debug|Any CPU.ActiveCfg = Debug|Any CPU
		{98183570-C42B-8FE1-341E-1D024EC068E0}.Debug|Any CPU.Build.0 = Debug|Any CPU
		{98183570-C42B-8FE1-341E-1D024EC068E0}.Release|Any CPU.ActiveCfg = Release|Any CPU
		{98183570-C42B-8FE1-341E-1D024EC068E0}.Release|Any CPU.Build.0 = Release|Any CPU
	EndGlobalSection
	GlobalSection(SolutionProperties) = preSolution
		HideSolutionNode = FALSE
	EndGlobalSection
EndGlobal
